// !$*UTF8*$!
{
	archiveVersion = 1;
	classes = {
	};
	objectVersion = 50;
	objects = {

/* Begin PBXGroup section */
		BAE519A4262A6A2E006BCE61 = {
			isa = PBXGroup;
			children = (
			);
			sourceTree = "<group>";
		};
/* End PBXGroup section */

/* Begin PBXProject section */
		BAE519A5262A6A2E006BCE61 /* Project object */ = {
			isa = PBXProject;
			attributes = {
				LastUpgradeCheck = 1240;
			};
			buildConfigurationList = BAE519A8262A6A2E006BCE61 /* Build configuration list for PBXProject "OperatingSystems" */;
			compatibilityVersion = "Xcode 9.3";
			developmentRegion = en;
			hasScannedForEncodings = 0;
			knownRegions = (
				en,
				Base,
			);
			mainGroup = BAE519A4262A6A2E006BCE61;
			projectDirPath = "";
			projectRoot = "";
			targets = (
			);
		};
/* End PBXProject section */

/* Begin XCBuildConfiguration section */
		BAE519A9262A6A2E006BCE61 /* Debug */ = {
			isa = XCBuildConfiguration;
			buildSettings = {
			};
			name = Debug;
		};
		BAE519AA262A6A2E006BCE61 /* Release */ = {
			isa = XCBuildConfiguration;
			buildSettings = {
			};
			name = Release;
		};
/* End XCBuildConfiguration section */

/* Begin XCConfigurationList section */
		BAE519A8262A6A2E006BCE61 /* Build configuration list for PBXProject "OperatingSystems" */ = {
			isa = XCConfigurationList;
			buildConfigurations = (
				BAE519A9262A6A2E006BCE61 /* Debug */,
				BAE519AA262A6A2E006BCE61 /* Release */,
			);
			defaultConfigurationIsVisible = 0;
			defaultConfigurationName = Release;
		};
/* End XCConfigurationList section */
	};
	rootObject = BAE519A5262A6A2E006BCE61 /* Project object */;
}
